
Microsoft Visual Studio Solution File, Format Version 12.00
# Visual Studio 15
VisualStudioVersion = 15.0.28307.421
MinimumVisualStudioVersion = 10.0.40219.1
Project("{8BC9CEB8-8B4A-11D0-8D11-00A0C91BC942}") = "胡成思第三次大组", "胡成思第三次大组\胡成思第三次大组.vcxproj", "{11A70499-75F6-49EA-84BF-5A1B2EAAAE14}"
EndProject
Global
	GlobalSection(SolutionConfigurationPlatforms) = preSolution
		Debug|x64 = Debug|x64
		Debug|x86 = Debug|x86
		Release|x64 = Release|x64
		Release|x86 = Release|x86
	EndGlobalSection
	GlobalSection(ProjectConfigurationPlatforms) = postSolution
		{11A70499-75F6-49EA-84BF-5A1B2EAAAE14}.Debug|x64.ActiveCfg = Debug|x64
		{11A70499-75F6-49EA-84BF-5A1B2EAAAE14}.Debug|x64.Build.0 = Debug|x64
		{11A70499-75F6-49EA-84BF-5A1B2EAAAE14}.Debug|x86.ActiveCfg = Debug|Win32
		{11A70499-75F6-49EA-84BF-5A1B2EAAAE14}.Debug|x86.Build.0 = Debug|Win32
		{11A70499-75F6-49EA-84BF-5A1B2EAAAE14}.Release|x64.ActiveCfg = Release|x64
		{11A70499-75F6-49EA-84BF-5A1B2EAAAE14}.Release|x64.Build.0 = Release|x64
		{11A70499-75F6-49EA-84BF-5A1B2EAAAE14}.Release|x86.ActiveCfg = Release|Win32
		{11A70499-75F6-49EA-84BF-5A1B2EAAAE14}.Release|x86.Build.0 = Release|Win32
	EndGlobalSection
	GlobalSection(SolutionProperties) = preSolution
		HideSolutionNode = FALSE
	EndGlobalSection
	GlobalSection(ExtensibilityGlobals) = postSolution
		SolutionGuid = {07A3749E-9780-401D-B8D1-93C0038B82D0}
	EndGlobalSection
EndGlobal
